
Microsoft Visual Studio Solution File, Format Version 12.00
# Visual Studio Version 17
VisualStudioVersion = 17.5.33627.172
MinimumVisualStudioVersion = 10.0.40219.1
Project("{9A19103F-16F7-4668-BE54-9A1E7A4F7556}") = "Khuseinov-KT-42-20", "Khuseinov-KT-42-20\Khuseinov-KT-42-20.csproj", "{D3265912-7138-408C-B40A-045C4A0B7654}"
EndProject
Project("{9A19103F-16F7-4668-BE54-9A1E7A4F7556}") = "Khuseinov-KT-42-20 Tests", "Khuseinov-KT-42-20 Tests\Khuseinov-KT-42-20 Tests.csproj", "{F46FA507-62B2-423B-870A-07B0B08C5569}"
EndProject
Global
	GlobalSection(SolutionConfigurationPlatforms) = preSolution
		Debug|Any CPU = Debug|Any CPU
		Release|Any CPU = Release|Any CPU
	EndGlobalSection
	GlobalSection(ProjectConfigurationPlatforms) = postSolution
		{D3265912-7138-408C-B40A-045C4A0B7654}.Debug|Any CPU.ActiveCfg = Debug|Any CPU
		{D3265912-7138-408C-B40A-045C4A0B7654}.Debug|Any CPU.Build.0 = Debug|Any CPU
		{D3265912-7138-408C-B40A-045C4A0B7654}.Release|Any CPU.ActiveCfg = Release|Any CPU
		{D3265912-7138-408C-B40A-045C4A0B7654}.Release|Any CPU.Build.0 = Release|Any CPU
		{F46FA507-62B2-423B-870A-07B0B08C5569}.Debug|Any CPU.ActiveCfg = Debug|Any CPU
		{F46FA507-62B2-423B-870A-07B0B08C5569}.Debug|Any CPU.Build.0 = Debug|Any CPU
		{F46FA507-62B2-423B-870A-07B0B08C5569}.Release|Any CPU.ActiveCfg = Release|Any CPU
		{F46FA507-62B2-423B-870A-07B0B08C5569}.Release|Any CPU.Build.0 = Release|Any CPU
	EndGlobalSection
	GlobalSection(SolutionProperties) = preSolution
		HideSolutionNode = FALSE
	EndGlobalSection
	GlobalSection(ExtensibilityGlobals) = postSolution
		SolutionGuid = {9949469B-09B2-47EC-A566-2DF3BC77914C}
	EndGlobalSection
EndGlobal
